// !$*UTF8*$!
{
	archiveVersion = 1;
	classes = {
	};
	objectVersion = 56;
	objects = {

/* Begin PBXBuildFile section */
		5808598129D870B600E6F2AD /* AppDelegate.swift in Sources */ = {isa = PBXBuildFile; fileRef = 5808598029D870B600E6F2AD /* AppDelegate.swift */; };
		5808598329D870B600E6F2AD /* SceneDelegate.swift in Sources */ = {isa = PBXBuildFile; fileRef = 5808598229D870B600E6F2AD /* SceneDelegate.swift */; };
		5808598529D870B600E6F2AD /* ViewController.swift in Sources */ = {isa = PBXBuildFile; fileRef = 5808598429D870B600E6F2AD /* ViewController.swift */; };
		5808598829D870B700E6F2AD /* Main.storyboard in Resources */ = {isa = PBXBuildFile; fileRef = 5808598629D870B700E6F2AD /* Main.storyboard */; };
		5808598A29D870B800E6F2AD /* Assets.xcassets in Resources */ = {isa = PBXBuildFile; fileRef = 5808598929D870B800E6F2AD /* Assets.xcassets */; };
		5808598D29D870B800E6F2AD /* LaunchScreen.storyboard in Resources */ = {isa = PBXBuildFile; fileRef = 5808598B29D870B800E6F2AD /* LaunchScreen.storyboard */; };
		5808599629D8712C00E6F2AD /* SolarSystem.swift in Sources */ = {isa = PBXBuildFile; fileRef = 5808599529D8712C00E6F2AD /* SolarSystem.swift */; };
		5808599829D8713F00E6F2AD /* Ring.swift in Sources */ = {isa = PBXBuildFile; fileRef = 5808599729D8713F00E6F2AD /* Ring.swift */; };
		5808599A29D8715A00E6F2AD /* Planet.swift in Sources */ = {isa = PBXBuildFile; fileRef = 5808599929D8715A00E6F2AD /* Planet.swift */; };
		5808599C29D8717300E6F2AD /* Notification.swift in Sources */ = {isa = PBXBuildFile; fileRef = 5808599B29D8717300E6F2AD /* Notification.swift */; };
		5808599E29D8718600E6F2AD /* UIColor+Orbit.swift in Sources */ = {isa = PBXBuildFile; fileRef = 5808599D29D8718600E6F2AD /* UIColor+Orbit.swift */; };
		580859A329D877E500E6F2AD /* PlanetView.swift in Sources */ = {isa = PBXBuildFile; fileRef = 580859A229D877E500E6F2AD /* PlanetView.swift */; };
		580859A829D879C900E6F2AD /* NotificationManager.swift in Sources */ = {isa = PBXBuildFile; fileRef = 580859A729D879C900E6F2AD /* NotificationManager.swift */; };
		580859AA29D879E900E6F2AD /* SolarSystemViewController.swift in Sources */ = {isa = PBXBuildFile; fileRef = 580859A929D879E900E6F2AD /* SolarSystemViewController.swift */; };
		580859AC29D879FC00E6F2AD /* LoginViewController.swift in Sources */ = {isa = PBXBuildFile; fileRef = 580859AB29D879FC00E6F2AD /* LoginViewController.swift */; };
		580859AE29D87A1200E6F2AD /* RegisterViewController.swift in Sources */ = {isa = PBXBuildFile; fileRef = 580859AD29D87A1200E6F2AD /* RegisterViewController.swift */; };
		581DCA1129E2339C006665C4 /* SolarSystemScene.swift in Sources */ = {isa = PBXBuildFile; fileRef = 581DCA1029E2339C006665C4 /* SolarSystemScene.swift */; };
		582155C72A16B12B007D1150 /* FirebaseAuth in Frameworks */ = {isa = PBXBuildFile; productRef = 582155C62A16B12B007D1150 /* FirebaseAuth */; };
		582155C92A16EE33007D1150 /* AuthenticationService.swift in Sources */ = {isa = PBXBuildFile; fileRef = 582155C82A16EE33007D1150 /* AuthenticationService.swift */; };
		583756742A45118A005DD5BE /* PlanetManager.swift in Sources */ = {isa = PBXBuildFile; fileRef = 583756732A45118A005DD5BE /* PlanetManager.swift */; };
		58583B672A0AFA0F003436CB /* ContactsViewModel.swift in Sources */ = {isa = PBXBuildFile; fileRef = 58583B662A0AFA0F003436CB /* ContactsViewModel.swift */; };
		586D878029DE1B780069E68B /* LoadingViewController.swift in Sources */ = {isa = PBXBuildFile; fileRef = 586D877F29DE1B780069E68B /* LoadingViewController.swift */; };
		586D878229DE20380069E68B /* User.swift in Sources */ = {isa = PBXBuildFile; fileRef = 586D878129DE20380069E68B /* User.swift */; };
		586D878429DE26AF0069E68B /* UserManager.swift in Sources */ = {isa = PBXBuildFile; fileRef = 586D878329DE26AF0069E68B /* UserManager.swift */; };
		58719B972A2EC95E0049FCA1 /* RussoOne-Regular.ttf in Resources */ = {isa = PBXBuildFile; fileRef = 58719B962A2EC95E0049FCA1 /* RussoOne-Regular.ttf */; };
		58719B992A30C6230049FCA1 /* StarcruiserExpandedSemiItalic-gKeY.ttf in Resources */ = {isa = PBXBuildFile; fileRef = 58719B982A30C6230049FCA1 /* StarcruiserExpandedSemiItalic-gKeY.ttf */; };
		5872649129E31D4E00B795D7 /* PlanetNode.swift in Sources */ = {isa = PBXBuildFile; fileRef = 5872649029E31D4E00B795D7 /* PlanetNode.swift */; };
		587B90A02A27FA8D0096B6D7 /* ExtensionsForApp.swift in Sources */ = {isa = PBXBuildFile; fileRef = 587B909F2A27FA8D0096B6D7 /* ExtensionsForApp.swift */; };
		588D892229FB33420069BC14 /* FloatingActionButton.swift in Sources */ = {isa = PBXBuildFile; fileRef = 588D892129FB33420069BC14 /* FloatingActionButton.swift */; };
		588D89242A01E0C60069BC14 /* Orbit.swift in Sources */ = {isa = PBXBuildFile; fileRef = 588D89232A01E0C60069BC14 /* Orbit.swift */; };
		588D89262A02C4720069BC14 /* PlanetActionViewController.swift in Sources */ = {isa = PBXBuildFile; fileRef = 588D89252A02C4720069BC14 /* PlanetActionViewController.swift */; };
		58AF7A1F29EC6F0E00828132 /* NotificationListView.swift in Sources */ = {isa = PBXBuildFile; fileRef = 58AF7A1E29EC6F0E00828132 /* NotificationListView.swift */; };
		58C5953E29F203DA00AB49AA /* PlanetActionView.swift in Sources */ = {isa = PBXBuildFile; fileRef = 58C5953D29F203DA00AB49AA /* PlanetActionView.swift */; };
		58CD30762A09A7890060C651 /* BubbleButton.swift in Sources */ = {isa = PBXBuildFile; fileRef = 58CD30752A09A7890060C651 /* BubbleButton.swift */; };
		58EDE6D529E62BCE005CE84A /* OrbitNode.swift in Sources */ = {isa = PBXBuildFile; fileRef = 58EDE6D429E62BCE005CE84A /* OrbitNode.swift */; };
		58EDE6D729E64710005CE84A /* menuBox.swift in Sources */ = {isa = PBXBuildFile; fileRef = 58EDE6D629E64710005CE84A /* menuBox.swift */; };
/* End PBXBuildFile section */

/* Begin PBXFileReference section */
		5808597D29D870B600E6F2AD /* OrbitV2App.app */ = {isa = PBXFileReference; explicitFileType = wrapper.application; includeInIndex = 0; path = OrbitV2App.app; sourceTree = BUILT_PRODUCTS_DIR; };
		5808598029D870B600E6F2AD /* AppDelegate.swift */ = {isa = PBXFileReference; lastKnownFileType = sourcecode.swift; path = AppDelegate.swift; sourceTree = "<group>"; };
		5808598229D870B600E6F2AD /* SceneDelegate.swift */ = {isa = PBXFileReference; lastKnownFileType = sourcecode.swift; path = SceneDelegate.swift; sourceTree = "<group>"; };
		5808598429D870B600E6F2AD /* ViewController.swift */ = {isa = PBXFileReference; lastKnownFileType = sourcecode.swift; path = ViewController.swift; sourceTree = "<group>"; };
		5808598729D870B700E6F2AD /* Base */ = {isa = PBXFileReference; lastKnownFileType = file.storyboard; name = Base; path = Base.lproj/Main.storyboard; sourceTree = "<group>"; };
		5808598929D870B800E6F2AD /* Assets.xcassets */ = {isa = PBXFileReference; lastKnownFileType = folder.assetcatalog; path = Assets.xcassets; sourceTree = "<group>"; };
		5808598C29D870B800E6F2AD /* Base */ = {isa = PBXFileReference; lastKnownFileType = file.storyboard; name = Base; path = Base.lproj/LaunchScreen.storyboard; sourceTree = "<group>"; };
		5808598E29D870B800E6F2AD /* Info.plist */ = {isa = PBXFileReference; lastKnownFileType = text.plist.xml; path = Info.plist; sourceTree = "<group>"; };
		5808599529D8712C00E6F2AD /* SolarSystem.swift */ = {isa = PBXFileReference; lastKnownFileType = sourcecode.swift; path = SolarSystem.swift; sourceTree = "<group>"; };
		5808599729D8713F00E6F2AD /* Ring.swift */ = {isa = PBXFileReference; lastKnownFileType = sourcecode.swift; path = Ring.swift; sourceTree = "<group>"; };
		5808599929D8715A00E6F2AD /* Planet.swift */ = {isa = PBXFileReference; lastKnownFileType = sourcecode.swift; path = Planet.swift; sourceTree = "<group>"; };
		5808599B29D8717300E6F2AD /* Notification.swift */ = {isa = PBXFileReference; lastKnownFileType = sourcecode.swift; path = Notification.swift; sourceTree = "<group>"; };
		5808599D29D8718600E6F2AD /* UIColor+Orbit.swift */ = {isa = PBXFileReference; lastKnownFileType = sourcecode.swift; path = "UIColor+Orbit.swift"; sourceTree = "<group>"; };
		580859A229D877E500E6F2AD /* PlanetView.swift */ = {isa = PBXFileReference; lastKnownFileType = sourcecode.swift; path = PlanetView.swift; sourceTree = "<group>"; };
		580859A729D879C900E6F2AD /* NotificationManager.swift */ = {isa = PBXFileReference; lastKnownFileType = sourcecode.swift; path = NotificationManager.swift; sourceTree = "<group>"; };
		580859A929D879E900E6F2AD /* SolarSystemViewController.swift */ = {isa = PBXFileReference; lastKnownFileType = sourcecode.swift; path = SolarSystemViewController.swift; sourceTree = "<group>"; };
		580859AB29D879FC00E6F2AD /* LoginViewController.swift */ = {isa = PBXFileReference; lastKnownFileType = sourcecode.swift; path = LoginViewController.swift; sourceTree = "<group>"; };
		580859AD29D87A1200E6F2AD /* RegisterViewController.swift */ = {isa = PBXFileReference; lastKnownFileType = sourcecode.swift; path = RegisterViewController.swift; sourceTree = "<group>"; };
		581DCA1029E2339C006665C4 /* SolarSystemScene.swift */ = {isa = PBXFileReference; lastKnownFileType = sourcecode.swift; path = SolarSystemScene.swift; sourceTree = "<group>"; };
		582155C42A1444ED007D1150 /* OrbitV2App.entitlements */ = {isa = PBXFileReference; lastKnownFileType = text.plist.entitlements; path = OrbitV2App.entitlements; sourceTree = "<group>"; };
		582155C82A16EE33007D1150 /* AuthenticationService.swift */ = {isa = PBXFileReference; lastKnownFileType = sourcecode.swift; path = AuthenticationService.swift; sourceTree = "<group>"; };
		583756732A45118A005DD5BE /* PlanetManager.swift */ = {isa = PBXFileReference; lastKnownFileType = sourcecode.swift; path = PlanetManager.swift; sourceTree = "<group>"; };
		58583B662A0AFA0F003436CB /* ContactsViewModel.swift */ = {isa = PBXFileReference; lastKnownFileType = sourcecode.swift; path = ContactsViewModel.swift; sourceTree = "<group>"; };
		586D877F29DE1B780069E68B /* LoadingViewController.swift */ = {isa = PBXFileReference; lastKnownFileType = sourcecode.swift; path = LoadingViewController.swift; sourceTree = "<group>"; };
		586D878129DE20380069E68B /* User.swift */ = {isa = PBXFileReference; lastKnownFileType = sourcecode.swift; path = User.swift; sourceTree = "<group>"; };
		586D878329DE26AF0069E68B /* UserManager.swift */ = {isa = PBXFileReference; lastKnownFileType = sourcecode.swift; path = UserManager.swift; sourceTree = "<group>"; };
		58719B962A2EC95E0049FCA1 /* RussoOne-Regular.ttf */ = {isa = PBXFileReference; lastKnownFileType = file; path = "RussoOne-Regular.ttf"; sourceTree = "<group>"; };
		58719B982A30C6230049FCA1 /* StarcruiserExpandedSemiItalic-gKeY.ttf */ = {isa = PBXFileReference; lastKnownFileType = file; path = "StarcruiserExpandedSemiItalic-gKeY.ttf"; sourceTree = "<group>"; };
		5872649029E31D4E00B795D7 /* PlanetNode.swift */ = {isa = PBXFileReference; lastKnownFileType = sourcecode.swift; path = PlanetNode.swift; sourceTree = "<group>"; };
		587B909F2A27FA8D0096B6D7 /* ExtensionsForApp.swift */ = {isa = PBXFileReference; lastKnownFileType = sourcecode.swift; path = ExtensionsForApp.swift; sourceTree = "<group>"; };
		588D892129FB33420069BC14 /* FloatingActionButton.swift */ = {isa = PBXFileReference; lastKnownFileType = sourcecode.swift; path = FloatingActionButton.swift; sourceTree = "<group>"; };
		588D89232A01E0C60069BC14 /* Orbit.swift */ = {isa = PBXFileReference; lastKnownFileType = sourcecode.swift; path = Orbit.swift; sourceTree = "<group>"; };
		588D89252A02C4720069BC14 /* PlanetActionViewController.swift */ = {isa = PBXFileReference; lastKnownFileType = sourcecode.swift; path = PlanetActionViewController.swift; sourceTree = "<group>"; };
		58AF7A1E29EC6F0E00828132 /* NotificationListView.swift */ = {isa = PBXFileReference; lastKnownFileType = sourcecode.swift; path = NotificationListView.swift; sourceTree = "<group>"; };
		58C5953D29F203DA00AB49AA /* PlanetActionView.swift */ = {isa = PBXFileReference; lastKnownFileType = sourcecode.swift; path = PlanetActionView.swift; sourceTree = "<group>"; };
		58CD30752A09A7890060C651 /* BubbleButton.swift */ = {isa = PBXFileReference; lastKnownFileType = sourcecode.swift; path = BubbleButton.swift; sourceTree = "<group>"; };
		58EDE6D429E62BCE005CE84A /* OrbitNode.swift */ = {isa = PBXFileReference; lastKnownFileType = sourcecode.swift; path = OrbitNode.swift; sourceTree = "<group>"; };
		58EDE6D629E64710005CE84A /* menuBox.swift */ = {isa = PBXFileReference; lastKnownFileType = sourcecode.swift; path = menuBox.swift; sourceTree = "<group>"; };
/* End PBXFileReference section */

/* Begin PBXFrameworksBuildPhase section */
		5808597A29D870B600E6F2AD /* Frameworks */ = {
			isa = PBXFrameworksBuildPhase;
			buildActionMask = 2147483647;
			files = (
				582155C72A16B12B007D1150 /* FirebaseAuth in Frameworks */,
			);
			runOnlyForDeploymentPostprocessing = 0;
		};
/* End PBXFrameworksBuildPhase section */

/* Begin PBXGroup section */
		5808597429D870B600E6F2AD = {
			isa = PBXGroup;
			children = (
				5808597F29D870B600E6F2AD /* OrbitV2App */,
				5808597E29D870B600E6F2AD /* Products */,
			);
			sourceTree = "<group>";
		};
		5808597E29D870B600E6F2AD /* Products */ = {
			isa = PBXGroup;
			children = (
				5808597D29D870B600E6F2AD /* OrbitV2App.app */,
			);
			name = Products;
			sourceTree = "<group>";
		};
		5808597F29D870B600E6F2AD /* OrbitV2App */ = {
			isa = PBXGroup;
			children = (
				582155C42A1444ED007D1150 /* OrbitV2App.entitlements */,
				581DCA0D29E23362006665C4 /* Scenes */,
				580859A629D879B700E6F2AD /* Controllers */,
				5808599F29D8718F00E6F2AD /* Views */,
				5808599429D8711B00E6F2AD /* Models */,
				5808598029D870B600E6F2AD /* AppDelegate.swift */,
				5808598229D870B600E6F2AD /* SceneDelegate.swift */,
				582155C82A16EE33007D1150 /* AuthenticationService.swift */,
				5808598429D870B600E6F2AD /* ViewController.swift */,
				5808598629D870B700E6F2AD /* Main.storyboard */,
				5808598929D870B800E6F2AD /* Assets.xcassets */,
				5808598B29D870B800E6F2AD /* LaunchScreen.storyboard */,
				5808598E29D870B800E6F2AD /* Info.plist */,
				58719B982A30C6230049FCA1 /* StarcruiserExpandedSemiItalic-gKeY.ttf */,
				58719B962A2EC95E0049FCA1 /* RussoOne-Regular.ttf */,
			);
			path = OrbitV2App;
			sourceTree = "<group>";
		};
		5808599429D8711B00E6F2AD /* Models */ = {
			isa = PBXGroup;
			children = (
				5808599529D8712C00E6F2AD /* SolarSystem.swift */,
				5808599729D8713F00E6F2AD /* Ring.swift */,
				5808599929D8715A00E6F2AD /* Planet.swift */,
				5808599B29D8717300E6F2AD /* Notification.swift */,
				5808599D29D8718600E6F2AD /* UIColor+Orbit.swift */,
				586D878129DE20380069E68B /* User.swift */,
				588D892129FB33420069BC14 /* FloatingActionButton.swift */,
				588D89232A01E0C60069BC14 /* Orbit.swift */,
				58CD30752A09A7890060C651 /* BubbleButton.swift */,
				58583B662A0AFA0F003436CB /* ContactsViewModel.swift */,
			);
			path = Models;
			sourceTree = "<group>";
		};
		5808599F29D8718F00E6F2AD /* Views */ = {
			isa = PBXGroup;
			children = (
				580859A929D879E900E6F2AD /* SolarSystemViewController.swift */,
				580859AB29D879FC00E6F2AD /* LoginViewController.swift */,
				580859AD29D87A1200E6F2AD /* RegisterViewController.swift */,
				586D877F29DE1B780069E68B /* LoadingViewController.swift */,
				580859A229D877E500E6F2AD /* PlanetView.swift */,
				58AF7A1E29EC6F0E00828132 /* NotificationListView.swift */,
				58C5953D29F203DA00AB49AA /* PlanetActionView.swift */,
			);
			path = Views;
			sourceTree = "<group>";
		};
		580859A629D879B700E6F2AD /* Controllers */ = {
			isa = PBXGroup;
			children = (
				580859A729D879C900E6F2AD /* NotificationManager.swift */,
				586D878329DE26AF0069E68B /* UserManager.swift */,
				588D89252A02C4720069BC14 /* PlanetActionViewController.swift */,
				583756732A45118A005DD5BE /* PlanetManager.swift */,
			);
			path = Controllers;
			sourceTree = "<group>";
		};
		581DCA0D29E23362006665C4 /* Scenes */ = {
			isa = PBXGroup;
			children = (
				581DCA1029E2339C006665C4 /* SolarSystemScene.swift */,
				587B909F2A27FA8D0096B6D7 /* ExtensionsForApp.swift */,
				5872649029E31D4E00B795D7 /* PlanetNode.swift */,
				58EDE6D429E62BCE005CE84A /* OrbitNode.swift */,
				58EDE6D629E64710005CE84A /* menuBox.swift */,
			);
			path = Scenes;
			sourceTree = "<group>";
		};
/* End PBXGroup section */

/* Begin PBXNativeTarget section */
		5808597C29D870B600E6F2AD /* OrbitV2App */ = {
			isa = PBXNativeTarget;
			buildConfigurationList = 5808599129D870B800E6F2AD /* Build configuration list for PBXNativeTarget "OrbitV2App" */;
			buildPhases = (
				5808597929D870B600E6F2AD /* Sources */,
				5808597A29D870B600E6F2AD /* Frameworks */,
				5808597B29D870B600E6F2AD /* Resources */,
			);
			buildRules = (
			);
			dependencies = (
			);
			name = OrbitV2App;
			packageProductDependencies = (
				582155C62A16B12B007D1150 /* FirebaseAuth */,
			);
			productName = OrbitV2App;
			productReference = 5808597D29D870B600E6F2AD /* OrbitV2App.app */;
			productType = "com.apple.product-type.application";
		};
/* End PBXNativeTarget section */

/* Begin PBXProject section */
		5808597529D870B600E6F2AD /* Project object */ = {
			isa = PBXProject;
			attributes = {
				BuildIndependentTargetsInParallel = 1;
				LastSwiftUpdateCheck = 1430;
				LastUpgradeCheck = 1430;
				TargetAttributes = {
					5808597C29D870B600E6F2AD = {
						CreatedOnToolsVersion = 14.3;
					};
				};
			};
			buildConfigurationList = 5808597829D870B600E6F2AD /* Build configuration list for PBXProject "OrbitV2App" */;
			compatibilityVersion = "Xcode 14.0";
			developmentRegion = en;
			hasScannedForEncodings = 0;
			knownRegions = (
				en,
				Base,
			);
			mainGroup = 5808597429D870B600E6F2AD;
			packageReferences = (
				582155C52A16B12B007D1150 /* XCRemoteSwiftPackageReference "firebase-ios-sdk" */,
			);
			productRefGroup = 5808597E29D870B600E6F2AD /* Products */;
			projectDirPath = "";
			projectRoot = "";
			targets = (
				5808597C29D870B600E6F2AD /* OrbitV2App */,
			);
		};
/* End PBXProject section */

/* Begin PBXResourcesBuildPhase section */
		5808597B29D870B600E6F2AD /* Resources */ = {
			isa = PBXResourcesBuildPhase;
			buildActionMask = 2147483647;
			files = (
				58719B992A30C6230049FCA1 /* StarcruiserExpandedSemiItalic-gKeY.ttf in Resources */,
				5808598D29D870B800E6F2AD /* LaunchScreen.storyboard in Resources */,
				5808598A29D870B800E6F2AD /* Assets.xcassets in Resources */,
				5808598829D870B700E6F2AD /* Main.storyboard in Resources */,
				58719B972A2EC95E0049FCA1 /* RussoOne-Regular.ttf in Resources */,
			);
			runOnlyForDeploymentPostprocessing = 0;
		};
/* End PBXResourcesBuildPhase section */

/* Begin PBXSourcesBuildPhase section */
		5808597929D870B600E6F2AD /* Sources */ = {
			isa = PBXSourcesBuildPhase;
			buildActionMask = 2147483647;
			files = (
				586D878429DE26AF0069E68B /* UserManager.swift in Sources */,
				5872649129E31D4E00B795D7 /* PlanetNode.swift in Sources */,
				580859AC29D879FC00E6F2AD /* LoginViewController.swift in Sources */,
				5808598529D870B600E6F2AD /* ViewController.swift in Sources */,
				5808598129D870B600E6F2AD /* AppDelegate.swift in Sources */,
				58AF7A1F29EC6F0E00828132 /* NotificationListView.swift in Sources */,
				588D892229FB33420069BC14 /* FloatingActionButton.swift in Sources */,
				58C5953E29F203DA00AB49AA /* PlanetActionView.swift in Sources */,
				58CD30762A09A7890060C651 /* BubbleButton.swift in Sources */,
				586D878029DE1B780069E68B /* LoadingViewController.swift in Sources */,
				5808599829D8713F00E6F2AD /* Ring.swift in Sources */,
				588D89242A01E0C60069BC14 /* Orbit.swift in Sources */,
				588D89262A02C4720069BC14 /* PlanetActionViewController.swift in Sources */,
				58EDE6D729E64710005CE84A /* menuBox.swift in Sources */,
				586D878229DE20380069E68B /* User.swift in Sources */,
				587B90A02A27FA8D0096B6D7 /* ExtensionsForApp.swift in Sources */,
				581DCA1129E2339C006665C4 /* SolarSystemScene.swift in Sources */,
				58583B672A0AFA0F003436CB /* ContactsViewModel.swift in Sources */,
				580859AE29D87A1200E6F2AD /* RegisterViewController.swift in Sources */,
				580859A329D877E500E6F2AD /* PlanetView.swift in Sources */,
				580859A829D879C900E6F2AD /* NotificationManager.swift in Sources */,
				58EDE6D529E62BCE005CE84A /* OrbitNode.swift in Sources */,
				5808599C29D8717300E6F2AD /* Notification.swift in Sources */,
				5808599A29D8715A00E6F2AD /* Planet.swift in Sources */,
				5808599629D8712C00E6F2AD /* SolarSystem.swift in Sources */,
				5808599E29D8718600E6F2AD /* UIColor+Orbit.swift in Sources */,
				5808598329D870B600E6F2AD /* SceneDelegate.swift in Sources */,
				580859AA29D879E900E6F2AD /* SolarSystemViewController.swift in Sources */,
				582155C92A16EE33007D1150 /* AuthenticationService.swift in Sources */,
				583756742A45118A005DD5BE /* PlanetManager.swift in Sources */,
			);
			runOnlyForDeploymentPostprocessing = 0;
		};
/* End PBXSourcesBuildPhase section */

/* Begin PBXVariantGroup section */
		5808598629D870B700E6F2AD /* Main.storyboard */ = {
			isa = PBXVariantGroup;
			children = (
				5808598729D870B700E6F2AD /* Base */,
			);
			name = Main.storyboard;
			sourceTree = "<group>";
		};
		5808598B29D870B800E6F2AD /* LaunchScreen.storyboard */ = {
			isa = PBXVariantGroup;
			children = (
				5808598C29D870B800E6F2AD /* Base */,
			);
			name = LaunchScreen.storyboard;
			sourceTree = "<group>";
		};
/* End PBXVariantGroup section */

/* Begin XCBuildConfiguration section */
		5808598F29D870B800E6F2AD /* Debug */ = {
			isa = XCBuildConfiguration;
			buildSettings = {
				ALWAYS_SEARCH_USER_PATHS = NO;
				CLANG_ANALYZER_NONNULL = YES;
				CLANG_ANALYZER_NUMBER_OBJECT_CONVERSION = YES_AGGRESSIVE;
				CLANG_CXX_LANGUAGE_STANDARD = "gnu++20";
				CLANG_ENABLE_MODULES = YES;
				CLANG_ENABLE_OBJC_ARC = YES;
				CLANG_ENABLE_OBJC_WEAK = YES;
				CLANG_WARN_BLOCK_CAPTURE_AUTORELEASING = YES;
				CLANG_WARN_BOOL_CONVERSION = YES;
				CLANG_WARN_COMMA = YES;
				CLANG_WARN_CONSTANT_CONVERSION = YES;
				CLANG_WARN_DEPRECATED_OBJC_IMPLEMENTATIONS = YES;
				CLANG_WARN_DIRECT_OBJC_ISA_USAGE = YES_ERROR;
				CLANG_WARN_DOCUMENTATION_COMMENTS = YES;
				CLANG_WARN_EMPTY_BODY = YES;
				CLANG_WARN_ENUM_CONVERSION = YES;
				CLANG_WARN_INFINITE_RECURSION = YES;
				CLANG_WARN_INT_CONVERSION = YES;
				CLANG_WARN_NON_LITERAL_NULL_CONVERSION = YES;
				CLANG_WARN_OBJC_IMPLICIT_RETAIN_SELF = YES;
				CLANG_WARN_OBJC_LITERAL_CONVERSION = YES;
				CLANG_WARN_OBJC_ROOT_CLASS = YES_ERROR;
				CLANG_WARN_QUOTED_INCLUDE_IN_FRAMEWORK_HEADER = YES;
				CLANG_WARN_RANGE_LOOP_ANALYSIS = YES;
				CLANG_WARN_STRICT_PROTOTYPES = YES;
				CLANG_WARN_SUSPICIOUS_MOVE = YES;
				CLANG_WARN_UNGUARDED_AVAILABILITY = YES_AGGRESSIVE;
				CLANG_WARN_UNREACHABLE_CODE = YES;
				CLANG_WARN__DUPLICATE_METHOD_MATCH = YES;
				COPY_PHASE_STRIP = NO;
				DEBUG_INFORMATION_FORMAT = dwarf;
				ENABLE_STRICT_OBJC_MSGSEND = YES;
				ENABLE_TESTABILITY = YES;
				GCC_C_LANGUAGE_STANDARD = gnu11;
				GCC_DYNAMIC_NO_PIC = NO;
				GCC_NO_COMMON_BLOCKS = YES;
				GCC_OPTIMIZATION_LEVEL = 0;
				GCC_PREPROCESSOR_DEFINITIONS = (
					"DEBUG=1",
					"$(inherited)",
				);
				GCC_WARN_64_TO_32_BIT_CONVERSION = YES;
				GCC_WARN_ABOUT_RETURN_TYPE = YES_ERROR;
				GCC_WARN_UNDECLARED_SELECTOR = YES;
				GCC_WARN_UNINITIALIZED_AUTOS = YES_AGGRESSIVE;
				GCC_WARN_UNUSED_FUNCTION = YES;
				GCC_WARN_UNUSED_VARIABLE = YES;
				IPHONEOS_DEPLOYMENT_TARGET = 16.4;
				MTL_ENABLE_DEBUG_INFO = INCLUDE_SOURCE;
				MTL_FAST_MATH = YES;
				ONLY_ACTIVE_ARCH = YES;
				SDKROOT = iphoneos;
				SWIFT_ACTIVE_COMPILATION_CONDITIONS = DEBUG;
				SWIFT_OPTIMIZATION_LEVEL = "-Onone";
			};
			name = Debug;
		};
		5808599029D870B800E6F2AD /* Release */ = {
			isa = XCBuildConfiguration;
			buildSettings = {
				ALWAYS_SEARCH_USER_PATHS = NO;
				CLANG_ANALYZER_NONNULL = YES;
				CLANG_ANALYZER_NUMBER_OBJECT_CONVERSION = YES_AGGRESSIVE;
				CLANG_CXX_LANGUAGE_STANDARD = "gnu++20";
				CLANG_ENABLE_MODULES = YES;
				CLANG_ENABLE_OBJC_ARC = YES;
				CLANG_ENABLE_OBJC_WEAK = YES;
				CLANG_WARN_BLOCK_CAPTURE_AUTORELEASING = YES;
				CLANG_WARN_BOOL_CONVERSION = YES;
				CLANG_WARN_COMMA = YES;
				CLANG_WARN_CONSTANT_CONVERSION = YES;
				CLANG_WARN_DEPRECATED_OBJC_IMPLEMENTATIONS = YES;
				CLANG_WARN_DIRECT_OBJC_ISA_USAGE = YES_ERROR;
				CLANG_WARN_DOCUMENTATION_COMMENTS = YES;
				CLANG_WARN_EMPTY_BODY = YES;
				CLANG_WARN_ENUM_CONVERSION = YES;
				CLANG_WARN_INFINITE_RECURSION = YES;
				CLANG_WARN_INT_CONVERSION = YES;
				CLANG_WARN_NON_LITERAL_NULL_CONVERSION = YES;
				CLANG_WARN_OBJC_IMPLICIT_RETAIN_SELF = YES;
				CLANG_WARN_OBJC_LITERAL_CONVERSION = YES;
				CLANG_WARN_OBJC_ROOT_CLASS = YES_ERROR;
				CLANG_WARN_QUOTED_INCLUDE_IN_FRAMEWORK_HEADER = YES;
				CLANG_WARN_RANGE_LOOP_ANALYSIS = YES;
				CLANG_WARN_STRICT_PROTOTYPES = YES;
				CLANG_WARN_SUSPICIOUS_MOVE = YES;
				CLANG_WARN_UNGUARDED_AVAILABILITY = YES_AGGRESSIVE;
				CLANG_WARN_UNREACHABLE_CODE = YES;
				CLANG_WARN__DUPLICATE_METHOD_MATCH = YES;
				COPY_PHASE_STRIP = NO;
				DEBUG_INFORMATION_FORMAT = "dwarf-with-dsym";
				ENABLE_NS_ASSERTIONS = NO;
				ENABLE_STRICT_OBJC_MSGSEND = YES;
				GCC_C_LANGUAGE_STANDARD = gnu11;
				GCC_NO_COMMON_BLOCKS = YES;
				GCC_WARN_64_TO_32_BIT_CONVERSION = YES;
				GCC_WARN_ABOUT_RETURN_TYPE = YES_ERROR;
				GCC_WARN_UNDECLARED_SELECTOR = YES;
				GCC_WARN_UNINITIALIZED_AUTOS = YES_AGGRESSIVE;
				GCC_WARN_UNUSED_FUNCTION = YES;
				GCC_WARN_UNUSED_VARIABLE = YES;
				IPHONEOS_DEPLOYMENT_TARGET = 16.4;
				MTL_ENABLE_DEBUG_INFO = NO;
				MTL_FAST_MATH = YES;
				SDKROOT = iphoneos;
				SWIFT_COMPILATION_MODE = wholemodule;
				SWIFT_OPTIMIZATION_LEVEL = "-O";
				VALIDATE_PRODUCT = YES;
			};
			name = Release;
		};
		5808599229D870B800E6F2AD /* Debug */ = {
			isa = XCBuildConfiguration;
			buildSettings = {
				ASSETCATALOG_COMPILER_APPICON_NAME = AppIcon;
				ASSETCATALOG_COMPILER_GLOBAL_ACCENT_COLOR_NAME = AccentColor;
				CODE_SIGN_ENTITLEMENTS = OrbitV2App/OrbitV2App.entitlements;
				CODE_SIGN_STYLE = Automatic;
				CURRENT_PROJECT_VERSION = 1;
				DEVELOPMENT_TEAM = YHUTW85LXG;
				GENERATE_INFOPLIST_FILE = YES;
				INFOPLIST_FILE = OrbitV2App/Info.plist;
				INFOPLIST_KEY_NSContactsUsageDescription = "Allow access to contacts";
				INFOPLIST_KEY_UIApplicationSupportsIndirectInputEvents = YES;
				INFOPLIST_KEY_UILaunchStoryboardName = LaunchScreen;
				INFOPLIST_KEY_UIMainStoryboardFile = Main;
				INFOPLIST_KEY_UISupportedInterfaceOrientations_iPad = "UIInterfaceOrientationPortrait UIInterfaceOrientationPortraitUpsideDown UIInterfaceOrientationLandscapeLeft UIInterfaceOrientationLandscapeRight";
				INFOPLIST_KEY_UISupportedInterfaceOrientations_iPhone = "UIInterfaceOrientationPortrait UIInterfaceOrientationLandscapeLeft UIInterfaceOrientationLandscapeRight";
				LD_RUNPATH_SEARCH_PATHS = (
					"$(inherited)",
					"@executable_path/Frameworks",
				);
				MARKETING_VERSION = 1.0;
				PRODUCT_BUNDLE_IDENTIFIER = com.ex.OrbitV2App;
				PRODUCT_NAME = "$(TARGET_NAME)";
				SWIFT_EMIT_LOC_STRINGS = YES;
				SWIFT_VERSION = 5.0;
				TARGETED_DEVICE_FAMILY = "1,2";
			};
			name = Debug;
		};
		5808599329D870B800E6F2AD /* Release */ = {
			isa = XCBuildConfiguration;
			buildSettings = {
				ASSETCATALOG_COMPILER_APPICON_NAME = AppIcon;
				ASSETCATALOG_COMPILER_GLOBAL_ACCENT_COLOR_NAME = AccentColor;
				CODE_SIGN_ENTITLEMENTS = OrbitV2App/OrbitV2App.entitlements;
				CODE_SIGN_STYLE = Automatic;
				CURRENT_PROJECT_VERSION = 1;
				DEVELOPMENT_TEAM = YHUTW85LXG;
				GENERATE_INFOPLIST_FILE = YES;
				INFOPLIST_FILE = OrbitV2App/Info.plist;
				INFOPLIST_KEY_NSContactsUsageDescription = "Allow access to contacts";
				INFOPLIST_KEY_UIApplicationSupportsIndirectInputEvents = YES;
				INFOPLIST_KEY_UILaunchStoryboardName = LaunchScreen;
				INFOPLIST_KEY_UIMainStoryboardFile = Main;
				INFOPLIST_KEY_UISupportedInterfaceOrientations_iPad = "UIInterfaceOrientationPortrait UIInterfaceOrientationPortraitUpsideDown UIInterfaceOrientationLandscapeLeft UIInterfaceOrientationLandscapeRight";
				INFOPLIST_KEY_UISupportedInterfaceOrientations_iPhone = "UIInterfaceOrientationPortrait UIInterfaceOrientationLandscapeLeft UIInterfaceOrientationLandscapeRight";
				LD_RUNPATH_SEARCH_PATHS = (
					"$(inherited)",
					"@executable_path/Frameworks",
				);
				MARKETING_VERSION = 1.0;
				PRODUCT_BUNDLE_IDENTIFIER = com.ex.OrbitV2App;
				PRODUCT_NAME = "$(TARGET_NAME)";
				SWIFT_EMIT_LOC_STRINGS = YES;
				SWIFT_VERSION = 5.0;
				TARGETED_DEVICE_FAMILY = "1,2";
			};
			name = Release;
		};
/* End XCBuildConfiguration section */

/* Begin XCConfigurationList section */
		5808597829D870B600E6F2AD /* Build configuration list for PBXProject "OrbitV2App" */ = {
			isa = XCConfigurationList;
			buildConfigurations = (
				5808598F29D870B800E6F2AD /* Debug */,
				5808599029D870B800E6F2AD /* Release */,
			);
			defaultConfigurationIsVisible = 0;
			defaultConfigurationName = Release;
		};
		5808599129D870B800E6F2AD /* Build configuration list for PBXNativeTarget "OrbitV2App" */ = {
			isa = XCConfigurationList;
			buildConfigurations = (
				5808599229D870B800E6F2AD /* Debug */,
				5808599329D870B800E6F2AD /* Release */,
			);
			defaultConfigurationIsVisible = 0;
			defaultConfigurationName = Release;
		};
/* End XCConfigurationList section */

/* Begin XCRemoteSwiftPackageReference section */
		582155C52A16B12B007D1150 /* XCRemoteSwiftPackageReference "firebase-ios-sdk" */ = {
			isa = XCRemoteSwiftPackageReference;
			repositoryURL = "https://github.com/firebase/firebase-ios-sdk.git";
			requirement = {
				kind = upToNextMajorVersion;
				minimumVersion = 10.0.0;
			};
		};
/* End XCRemoteSwiftPackageReference section */

/* Begin XCSwiftPackageProductDependency section */
		582155C62A16B12B007D1150 /* FirebaseAuth */ = {
			isa = XCSwiftPackageProductDependency;
			package = 582155C52A16B12B007D1150 /* XCRemoteSwiftPackageReference "firebase-ios-sdk" */;
			productName = FirebaseAuth;
		};
/* End XCSwiftPackageProductDependency section */
	};
	rootObject = 5808597529D870B600E6F2AD /* Project object */;
}
